// !$*UTF8*$!
{
	archiveVersion = 1;
	classes = {
	};
	objectVersion = 46;
	objects = {

/* Begin PBXBuildFile section */
		346E495E1E733B320029131B /* AppDelegate.swift in Sources */ = {isa = PBXBuildFile; fileRef = 346E495D1E733B320029131B /* AppDelegate.swift */; };
		346E49601E733B320029131B /* ViewController.swift in Sources */ = {isa = PBXBuildFile; fileRef = 346E495F1E733B320029131B /* ViewController.swift */; };
		346E49631E733B320029131B /* Main.storyboard in Resources */ = {isa = PBXBuildFile; fileRef = 346E49611E733B320029131B /* Main.storyboard */; };
		346E49661E733B320029131B /* iCouldtest.xcdatamodeld in Sources */ = {isa = PBXBuildFile; fileRef = 346E49641E733B320029131B /* iCouldtest.xcdatamodeld */; };
		346E49681E733B320029131B /* Assets.xcassets in Resources */ = {isa = PBXBuildFile; fileRef = 346E49671E733B320029131B /* Assets.xcassets */; };
		346E496B1E733B320029131B /* LaunchScreen.storyboard in Resources */ = {isa = PBXBuildFile; fileRef = 346E49691E733B320029131B /* LaunchScreen.storyboard */; };
		346E49761E733B320029131B /* iCouldtestTests.swift in Sources */ = {isa = PBXBuildFile; fileRef = 346E49751E733B320029131B /* iCouldtestTests.swift */; };
/* End PBXBuildFile section */

/* Begin PBXContainerItemProxy section */
		346E49721E733B320029131B /* PBXContainerItemProxy */ = {
			isa = PBXContainerItemProxy;
			containerPortal = 346E49521E733B320029131B /* Project object */;
			proxyType = 1;
			remoteGlobalIDString = 346E49591E733B320029131B;
			remoteInfo = iCouldtest;
		};
/* End PBXContainerItemProxy section */

/* Begin PBXFileReference section */
		346E495A1E733B320029131B /* iCouldtest.app */ = {isa = PBXFileReference; explicitFileType = wrapper.application; includeInIndex = 0; path = iCouldtest.app; sourceTree = BUILT_PRODUCTS_DIR; };
		346E495D1E733B320029131B /* AppDelegate.swift */ = {isa = PBXFileReference; lastKnownFileType = sourcecode.swift; path = AppDelegate.swift; sourceTree = "<group>"; };
		346E495F1E733B320029131B /* ViewController.swift */ = {isa = PBXFileReference; lastKnownFileType = sourcecode.swift; path = ViewController.swift; sourceTree = "<group>"; };
		346E49621E733B320029131B /* Base */ = {isa = PBXFileReference; lastKnownFileType = file.storyboard; name = Base; path = Base.lproj/Main.storyboard; sourceTree = "<group>"; };
		346E49651E733B320029131B /* iCouldtest.xcdatamodel */ = {isa = PBXFileReference; lastKnownFileType = wrapper.xcdatamodel; path = iCouldtest.xcdatamodel; sourceTree = "<group>"; };
		346E49671E733B320029131B /* Assets.xcassets */ = {isa = PBXFileReference; lastKnownFileType = folder.assetcatalog; path = Assets.xcassets; sourceTree = "<group>"; };
		346E496A1E733B320029131B /* Base */ = {isa = PBXFileReference; lastKnownFileType = file.storyboard; name = Base; path = Base.lproj/LaunchScreen.storyboard; sourceTree = "<group>"; };
		346E496C1E733B320029131B /* Info.plist */ = {isa = PBXFileReference; lastKnownFileType = text.plist.xml; path = Info.plist; sourceTree = "<group>"; };
		346E49711E733B320029131B /* iCouldtestTests.xctest */ = {isa = PBXFileReference; explicitFileType = wrapper.cfbundle; includeInIndex = 0; path = iCouldtestTests.xctest; sourceTree = BUILT_PRODUCTS_DIR; };
		346E49751E733B320029131B /* iCouldtestTests.swift */ = {isa = PBXFileReference; lastKnownFileType = sourcecode.swift; path = iCouldtestTests.swift; sourceTree = "<group>"; };
		346E49771E733B320029131B /* Info.plist */ = {isa = PBXFileReference; lastKnownFileType = text.plist.xml; path = Info.plist; sourceTree = "<group>"; };
		346E49801E733B410029131B /* iCouldtest.entitlements */ = {isa = PBXFileReference; lastKnownFileType = text.xml; path = iCouldtest.entitlements; sourceTree = "<group>"; };
/* End PBXFileReference section */

/* Begin PBXFrameworksBuildPhase section */
		346E49571E733B320029131B /* Frameworks */ = {
			isa = PBXFrameworksBuildPhase;
			buildActionMask = 2147483647;
			files = (
			);
			runOnlyForDeploymentPostprocessing = 0;
		};
		346E496E1E733B320029131B /* Frameworks */ = {
			isa = PBXFrameworksBuildPhase;
			buildActionMask = 2147483647;
			files = (
			);
			runOnlyForDeploymentPostprocessing = 0;
		};
/* End PBXFrameworksBuildPhase section */

/* Begin PBXGroup section */
		346E49511E733B320029131B = {
			isa = PBXGroup;
			children = (
				346E495C1E733B320029131B /* iCouldtest */,
				346E49741E733B320029131B /* iCouldtestTests */,
				346E495B1E733B320029131B /* Products */,
			);
			sourceTree = "<group>";
		};
		346E495B1E733B320029131B /* Products */ = {
			isa = PBXGroup;
			children = (
				346E495A1E733B320029131B /* iCouldtest.app */,
				346E49711E733B320029131B /* iCouldtestTests.xctest */,
			);
			name = Products;
			sourceTree = "<group>";
		};
		346E495C1E733B320029131B /* iCouldtest */ = {
			isa = PBXGroup;
			children = (
				346E49801E733B410029131B /* iCouldtest.entitlements */,
				346E495D1E733B320029131B /* AppDelegate.swift */,
				346E495F1E733B320029131B /* ViewController.swift */,
				346E49611E733B320029131B /* Main.storyboard */,
				346E49671E733B320029131B /* Assets.xcassets */,
				346E49691E733B320029131B /* LaunchScreen.storyboard */,
				346E496C1E733B320029131B /* Info.plist */,
				346E49641E733B320029131B /* iCouldtest.xcdatamodeld */,
			);
			path = iCouldtest;
			sourceTree = "<group>";
		};
		346E49741E733B320029131B /* iCouldtestTests */ = {
			isa = PBXGroup;
			children = (
				346E49751E733B320029131B /* iCouldtestTests.swift */,
				346E49771E733B320029131B /* Info.plist */,
			);
			path = iCouldtestTests;
			sourceTree = "<group>";
		};
/* End PBXGroup section */

/* Begin PBXNativeTarget section */
		346E49591E733B320029131B /* iCouldtest */ = {
			isa = PBXNativeTarget;
			buildConfigurationList = 346E497A1E733B320029131B /* Build configuration list for PBXNativeTarget "iCouldtest" */;
			buildPhases = (
				346E49561E733B320029131B /* Sources */,
				346E49571E733B320029131B /* Frameworks */,
				346E49581E733B320029131B /* Resources */,
			);
			buildRules = (
			);
			dependencies = (
			);
			name = iCouldtest;
			productName = iCouldtest;
			productReference = 346E495A1E733B320029131B /* iCouldtest.app */;
			productType = "com.apple.product-type.application";
		};
		346E49701E733B320029131B /* iCouldtestTests */ = {
			isa = PBXNativeTarget;
			buildConfigurationList = 346E497D1E733B320029131B /* Build configuration list for PBXNativeTarget "iCouldtestTests" */;
			buildPhases = (
				346E496D1E733B320029131B /* Sources */,
				346E496E1E733B320029131B /* Frameworks */,
				346E496F1E733B320029131B /* Resources */,
			);
			buildRules = (
			);
			dependencies = (
				346E49731E733B320029131B /* PBXTargetDependency */,
			);
			name = iCouldtestTests;
			productName = iCouldtestTests;
			productReference = 346E49711E733B320029131B /* iCouldtestTests.xctest */;
			productType = "com.apple.product-type.bundle.unit-test";
		};
/* End PBXNativeTarget section */

/* Begin PBXProject section */
		346E49521E733B320029131B /* Project object */ = {
			isa = PBXProject;
			attributes = {
				LastSwiftUpdateCheck = 0720;
				LastUpgradeCheck = 0720;
				ORGANIZATIONNAME = "Zelda Yuan";
				TargetAttributes = {
					346E49591E733B320029131B = {
						CreatedOnToolsVersion = 7.2;
						DevelopmentTeam = P4Z2SSRLMT;
						SystemCapabilities = {
							com.apple.iCloud = {
								enabled = 1;
							};
						};
					};
					346E49701E733B320029131B = {
						CreatedOnToolsVersion = 7.2;
						TestTargetID = 346E49591E733B320029131B;
					};
				};
			};
			buildConfigurationList = 346E49551E733B320029131B /* Build configuration list for PBXProject "iCouldtest" */;
			compatibilityVersion = "Xcode 3.2";
			developmentRegion = English;
			hasScannedForEncodings = 0;
			knownRegions = (
				en,
				Base,
			);
			mainGroup = 346E49511E733B320029131B;
			productRefGroup = 346E495B1E733B320029131B /* Products */;
			projectDirPath = "";
			projectRoot = "";
			targets = (
				346E49591E733B320029131B /* iCouldtest */,
				346E49701E733B320029131B /* iCouldtestTests */,
			);
		};
/* End PBXProject section */

/* Begin PBXResourcesBuildPhase section */
		346E49581E733B320029131B /* Resources */ = {
			isa = PBXResourcesBuildPhase;
			buildActionMask = 2147483647;
			files = (
				346E496B1E733B320029131B /* LaunchScreen.storyboard in Resources */,
				346E49681E733B320029131B /* Assets.xcassets in Resources */,
				346E49631E733B320029131B /* Main.storyboard in Resources */,
			);
			runOnlyForDeploymentPostprocessing = 0;
		};
		346E496F1E733B320029131B /* Resources */ = {
			isa = PBXResourcesBuildPhase;
			buildActionMask = 2147483647;
			files = (
			);
			runOnlyForDeploymentPostprocessing = 0;
		};
/* End PBXResourcesBuildPhase section */

/* Begin PBXSourcesBuildPhase section */
		346E49561E733B320029131B /* Sources */ = {
			isa = PBXSourcesBuildPhase;
			buildActionMask = 2147483647;
			files = (
				346E49601E733B320029131B /* ViewController.swift in Sources */,
				346E49661E733B320029131B /* iCouldtest.xcdatamodeld in Sources */,
				346E495E1E733B320029131B /* AppDelegate.swift in Sources */,
			);
			runOnlyForDeploymentPostprocessing = 0;
		};
		346E496D1E733B320029131B /* Sources */ = {
			isa = PBXSourcesBuildPhase;
			buildActionMask = 2147483647;
			files = (
				346E49761E733B320029131B /* iCouldtestTests.swift in Sources */,
			);
			runOnlyForDeploymentPostprocessing = 0;
		};
/* End PBXSourcesBuildPhase section */

/* Begin PBXTargetDependency section */
		346E49731E733B320029131B /* PBXTargetDependency */ = {
			isa = PBXTargetDependency;
			target = 346E49591E733B320029131B /* iCouldtest */;
			targetProxy = 346E49721E733B320029131B /* PBXContainerItemProxy */;
		};
/* End PBXTargetDependency section */

/* Begin PBXVariantGroup section */
		346E49611E733B320029131B /* Main.storyboard */ = {
			isa = PBXVariantGroup;
			children = (
				346E49621E733B320029131B /* Base */,
			);
			name = Main.storyboard;
			sourceTree = "<group>";
		};
		346E49691E733B320029131B /* LaunchScreen.storyboard */ = {
			isa = PBXVariantGroup;
			children = (
				346E496A1E733B320029131B /* Base */,
			);
			name = LaunchScreen.storyboard;
			sourceTree = "<group>";
		};
/* End PBXVariantGroup section */

/* Begin XCBuildConfiguration section */
		346E49781E733B320029131B /* Debug */ = {
			isa = XCBuildConfiguration;
			buildSettings = {
				ALWAYS_SEARCH_USER_PATHS = NO;
				CLANG_CXX_LANGUAGE_STANDARD = "gnu++0x";
				CLANG_CXX_LIBRARY = "libc++";
				CLANG_ENABLE_MODULES = YES;
				CLANG_ENABLE_OBJC_ARC = YES;
				CLANG_WARN_BOOL_CONVERSION = YES;
				CLANG_WARN_CONSTANT_CONVERSION = YES;
				CLANG_WARN_DIRECT_OBJC_ISA_USAGE = YES_ERROR;
				CLANG_WARN_EMPTY_BODY = YES;
				CLANG_WARN_ENUM_CONVERSION = YES;
				CLANG_WARN_INT_CONVERSION = YES;
				CLANG_WARN_OBJC_ROOT_CLASS = YES_ERROR;
				CLANG_WARN_UNREACHABLE_CODE = YES;
				CLANG_WARN__DUPLICATE_METHOD_MATCH = YES;
				"CODE_SIGN_IDENTITY[sdk=iphoneos*]" = "iPhone Developer";
				COPY_PHASE_STRIP = NO;
				DEBUG_INFORMATION_FORMAT = dwarf;
				ENABLE_STRICT_OBJC_MSGSEND = YES;
				ENABLE_TESTABILITY = YES;
				GCC_C_LANGUAGE_STANDARD = gnu99;
				GCC_DYNAMIC_NO_PIC = NO;
				GCC_NO_COMMON_BLOCKS = YES;
				GCC_OPTIMIZATION_LEVEL = 0;
				GCC_PREPROCESSOR_DEFINITIONS = (
					"DEBUG=1",
					"$(inherited)",
				);
				GCC_WARN_64_TO_32_BIT_CONVERSION = YES;
				GCC_WARN_ABOUT_RETURN_TYPE = YES_ERROR;
				GCC_WARN_UNDECLARED_SELECTOR = YES;
				GCC_WARN_UNINITIALIZED_AUTOS = YES_AGGRESSIVE;
				GCC_WARN_UNUSED_FUNCTION = YES;
				GCC_WARN_UNUSED_VARIABLE = YES;
				IPHONEOS_DEPLOYMENT_TARGET = 9.2;
				MTL_ENABLE_DEBUG_INFO = YES;
				ONLY_ACTIVE_ARCH = YES;
				SDKROOT = iphoneos;
				SWIFT_OPTIMIZATION_LEVEL = "-Onone";
			};
			name = Debug;
		};
		346E49791E733B320029131B /* Release */ = {
			isa = XCBuildConfiguration;
			buildSettings = {
				ALWAYS_SEARCH_USER_PATHS = NO;
				CLANG_CXX_LANGUAGE_STANDARD = "gnu++0x";
				CLANG_CXX_LIBRARY = "libc++";
				CLANG_ENABLE_MODULES = YES;
				CLANG_ENABLE_OBJC_ARC = YES;
				CLANG_WARN_BOOL_CONVERSION = YES;
				CLANG_WARN_CONSTANT_CONVERSION = YES;
				CLANG_WARN_DIRECT_OBJC_ISA_USAGE = YES_ERROR;
				CLANG_WARN_EMPTY_BODY = YES;
				CLANG_WARN_ENUM_CONVERSION = YES;
				CLANG_WARN_INT_CONVERSION = YES;
				CLANG_WARN_OBJC_ROOT_CLASS = YES_ERROR;
				CLANG_WARN_UNREACHABLE_CODE = YES;
				CLANG_WARN__DUPLICATE_METHOD_MATCH = YES;
				"CODE_SIGN_IDENTITY[sdk=iphoneos*]" = "iPhone Developer";
				COPY_PHASE_STRIP = NO;
				DEBUG_INFORMATION_FORMAT = "dwarf-with-dsym";
				ENABLE_NS_ASSERTIONS = NO;
				ENABLE_STRICT_OBJC_MSGSEND = YES;
				GCC_C_LANGUAGE_STANDARD = gnu99;
				GCC_NO_COMMON_BLOCKS = YES;
				GCC_WARN_64_TO_32_BIT_CONVERSION = YES;
				GCC_WARN_ABOUT_RETURN_TYPE = YES_ERROR;
				GCC_WARN_UNDECLARED_SELECTOR = YES;
				GCC_WARN_UNINITIALIZED_AUTOS = YES_AGGRESSIVE;
				GCC_WARN_UNUSED_FUNCTION = YES;
				GCC_WARN_UNUSED_VARIABLE = YES;
				IPHONEOS_DEPLOYMENT_TARGET = 9.2;
				MTL_ENABLE_DEBUG_INFO = NO;
				SDKROOT = iphoneos;
				VALIDATE_PRODUCT = YES;
			};
			name = Release;
		};
		346E497B1E733B320029131B /* Debug */ = {
			isa = XCBuildConfiguration;
			buildSettings = {
				ASSETCATALOG_COMPILER_APPICON_NAME = AppIcon;
				CODE_SIGN_ENTITLEMENTS = iCouldtest/iCouldtest.entitlements;
				CODE_SIGN_IDENTITY = "iPhone Developer";
				"CODE_SIGN_IDENTITY[sdk=iphoneos*]" = "iPhone Developer";
				INFOPLIST_FILE = iCouldtest/Info.plist;
				LD_RUNPATH_SEARCH_PATHS = "$(inherited) @executable_path/Frameworks";
				PRODUCT_BUNDLE_IDENTIFIER = JOB.iCouldtest;
				PRODUCT_NAME = "$(TARGET_NAME)";
				PROVISIONING_PROFILE = "";
			};
			name = Debug;
		};
		346E497C1E733B320029131B /* Release */ = {
			isa = XCBuildConfiguration;
			buildSettings = {
				ASSETCATALOG_COMPILER_APPICON_NAME = AppIcon;
				CODE_SIGN_ENTITLEMENTS = iCouldtest/iCouldtest.entitlements;
				CODE_SIGN_IDENTITY = "iPhone Developer";
				"CODE_SIGN_IDENTITY[sdk=iphoneos*]" = "iPhone Developer";
				INFOPLIST_FILE = iCouldtest/Info.plist;
				LD_RUNPATH_SEARCH_PATHS = "$(inherited) @executable_path/Frameworks";
				PRODUCT_BUNDLE_IDENTIFIER = JOB.iCouldtest;
				PRODUCT_NAME = "$(TARGET_NAME)";
				PROVISIONING_PROFILE = "";
			};
			name = Release;
		};
		346E497E1E733B320029131B /* Debug */ = {
			isa = XCBuildConfiguration;
			buildSettings = {
				BUNDLE_LOADER = "$(TEST_HOST)";
				INFOPLIST_FILE = iCouldtestTests/Info.plist;
				LD_RUNPATH_SEARCH_PATHS = "$(inherited) @executable_path/Frameworks @loader_path/Frameworks";
				PRODUCT_BUNDLE_IDENTIFIER = JOB.iCouldtestTests;
				PRODUCT_NAME = "$(TARGET_NAME)";
				TEST_HOST = "$(BUILT_PRODUCTS_DIR)/iCouldtest.app/iCouldtest";
			};
			name = Debug;
		};
		346E497F1E733B320029131B /* Release */ = {
			isa = XCBuildConfiguration;
			buildSettings = {
				BUNDLE_LOADER = "$(TEST_HOST)";
				INFOPLIST_FILE = iCouldtestTests/Info.plist;
				LD_RUNPATH_SEARCH_PATHS = "$(inherited) @executable_path/Frameworks @loader_path/Frameworks";
				PRODUCT_BUNDLE_IDENTIFIER = JOB.iCouldtestTests;
				PRODUCT_NAME = "$(TARGET_NAME)";
				TEST_HOST = "$(BUILT_PRODUCTS_DIR)/iCouldtest.app/iCouldtest";
			};
			name = Release;
		};
/* End XCBuildConfiguration section */

/* Begin XCConfigurationList section */
		346E49551E733B320029131B /* Build configuration list for PBXProject "iCouldtest" */ = {
			isa = XCConfigurationList;
			buildConfigurations = (
				346E49781E733B320029131B /* Debug */,
				346E49791E733B320029131B /* Release */,
			);
			defaultConfigurationIsVisible = 0;
			defaultConfigurationName = Release;
		};
		346E497A1E733B320029131B /* Build configuration list for PBXNativeTarget "iCouldtest" */ = {
			isa = XCConfigurationList;
			buildConfigurations = (
				346E497B1E733B320029131B /* Debug */,
				346E497C1E733B320029131B /* Release */,
			);
			defaultConfigurationIsVisible = 0;
			defaultConfigurationName = Release;
		};
		346E497D1E733B320029131B /* Build configuration list for PBXNativeTarget "iCouldtestTests" */ = {
			isa = XCConfigurationList;
			buildConfigurations = (
				346E497E1E733B320029131B /* Debug */,
				346E497F1E733B320029131B /* Release */,
			);
			defaultConfigurationIsVisible = 0;
			defaultConfigurationName = Release;
		};
/* End XCConfigurationList section */

/* Begin XCVersionGroup section */
		346E49641E733B320029131B /* iCouldtest.xcdatamodeld */ = {
			isa = XCVersionGroup;
			children = (
				346E49651E733B320029131B /* iCouldtest.xcdatamodel */,
			);
			currentVersion = 346E49651E733B320029131B /* iCouldtest.xcdatamodel */;
			path = iCouldtest.xcdatamodeld;
			sourceTree = "<group>";
			versionGroupType = wrapper.xcdatamodel;
		};
/* End XCVersionGroup section */
	};
	rootObject = 346E49521E733B320029131B /* Project object */;
}
